// !$*UTF8*$!
{
	archiveVersion = 1;
	classes = {
	};
	objectVersion = 56;
	objects = {

/* Begin PBXBuildFile section */
		8929FE222A86A23900F1B8CA /* UIColor.swift in Sources */ = {isa = PBXBuildFile; fileRef = 8929FE1F2A86A23900F1B8CA /* UIColor.swift */; };
		8929FE232A86A23900F1B8CA /* UIButton.swift in Sources */ = {isa = PBXBuildFile; fileRef = 8929FE202A86A23900F1B8CA /* UIButton.swift */; };
		8929FE242A86A23900F1B8CA /* UIImage.swift in Sources */ = {isa = PBXBuildFile; fileRef = 8929FE212A86A23900F1B8CA /* UIImage.swift */; };
		8929FE272A86A23F00F1B8CA /* Acsiomasupershockc.otf in Resources */ = {isa = PBXBuildFile; fileRef = 8929FE262A86A23F00F1B8CA /* Acsiomasupershockc.otf */; };
		8929FE2A2A86A25900F1B8CA /* CategoryViewController.swift in Sources */ = {isa = PBXBuildFile; fileRef = 8929FE282A86A25900F1B8CA /* CategoryViewController.swift */; };
		8929FE2B2A86A25900F1B8CA /* MainViewController.swift in Sources */ = {isa = PBXBuildFile; fileRef = 8929FE292A86A25900F1B8CA /* MainViewController.swift */; };
		8929FE2D2A86A69900F1B8CA /* GameEndViewController.swift in Sources */ = {isa = PBXBuildFile; fileRef = 8929FE2C2A86A69900F1B8CA /* GameEndViewController.swift */; };
		8929FE302A8760AA00F1B8CA /* explosion.mp4 in Resources */ = {isa = PBXBuildFile; fileRef = 8929FE2F2A8760AA00F1B8CA /* explosion.mp4 */; };
		8929FE4E2A87751D00F1B8CA /* RulesModel.swift in Sources */ = {isa = PBXBuildFile; fileRef = 8929FE482A87751D00F1B8CA /* RulesModel.swift */; };
		8929FE4F2A87751D00F1B8CA /* RulesCellViewModel.swift in Sources */ = {isa = PBXBuildFile; fileRef = 8929FE492A87751D00F1B8CA /* RulesCellViewModel.swift */; };
		8929FE502A87751D00F1B8CA /* RulesViewController.swift in Sources */ = {isa = PBXBuildFile; fileRef = 8929FE4B2A87751D00F1B8CA /* RulesViewController.swift */; };
		8929FE542A87955A00F1B8CA /* explosion.mp3 in Resources */ = {isa = PBXBuildFile; fileRef = 8929FE532A87955A00F1B8CA /* explosion.mp3 */; };
		8929FE562A87B02A00F1B8CA /* wick.mp3 in Resources */ = {isa = PBXBuildFile; fileRef = 8929FE552A87B02A00F1B8CA /* wick.mp3 */; };
		8929FE642A880E5300F1B8CA /* SettingsViewController.swift in Sources */ = {isa = PBXBuildFile; fileRef = 8929FE632A880E5300F1B8CA /* SettingsViewController.swift */; };
		8929FE672A880E6300F1B8CA /* SettingsModel.swift in Sources */ = {isa = PBXBuildFile; fileRef = 8929FE652A880E6300F1B8CA /* SettingsModel.swift */; };
		8929FE682A880E6300F1B8CA /* SettingsCellViewModel.swift in Sources */ = {isa = PBXBuildFile; fileRef = 8929FE662A880E6300F1B8CA /* SettingsCellViewModel.swift */; };
		8929FE6A2A880E7700F1B8CA /* CustomButton.swift in Sources */ = {isa = PBXBuildFile; fileRef = 8929FE692A880E7700F1B8CA /* CustomButton.swift */; };
		892C2E142A8255A50005D32C /* QuestionCategory.swift in Sources */ = {isa = PBXBuildFile; fileRef = 892C2E132A8255A50005D32C /* QuestionCategory.swift */; };
		892F10192A84FE130019DFF6 /* CheckCategoryProtocol.swift in Sources */ = {isa = PBXBuildFile; fileRef = 892F10182A84FE130019DFF6 /* CheckCategoryProtocol.swift */; };
		892F101B2A85007D0019DFF6 /* NavigationController.swift in Sources */ = {isa = PBXBuildFile; fileRef = 892F101A2A85007D0019DFF6 /* NavigationController.swift */; };
		892F101D2A8503B10019DFF6 /* bomb.mp4 in Resources */ = {isa = PBXBuildFile; fileRef = 892F101C2A8503B10019DFF6 /* bomb.mp4 */; };
		892F101F2A852FAD0019DFF6 /* timer.mp3 in Resources */ = {isa = PBXBuildFile; fileRef = 892F101E2A852FAD0019DFF6 /* timer.mp3 */; };
		8953A2602A8260B0009D2226 /* QuestionModel.swift in Sources */ = {isa = PBXBuildFile; fileRef = 8953A25F2A8260B0009D2226 /* QuestionModel.swift */; };
		89DA03962A83B95A001460FC /* GameViewController.swift in Sources */ = {isa = PBXBuildFile; fileRef = 89DA03952A83B95A001460FC /* GameViewController.swift */; };
		89F1AB672A80FEA200B6A6DA /* AppDelegate.swift in Sources */ = {isa = PBXBuildFile; fileRef = 89F1AB662A80FEA200B6A6DA /* AppDelegate.swift */; };
		89F1AB692A80FEA200B6A6DA /* SceneDelegate.swift in Sources */ = {isa = PBXBuildFile; fileRef = 89F1AB682A80FEA200B6A6DA /* SceneDelegate.swift */; };
		89F1AB702A80FEA200B6A6DA /* Assets.xcassets in Resources */ = {isa = PBXBuildFile; fileRef = 89F1AB6F2A80FEA200B6A6DA /* Assets.xcassets */; };
		89F1AB732A80FEA200B6A6DA /* LaunchScreen.storyboard in Resources */ = {isa = PBXBuildFile; fileRef = 89F1AB712A80FEA200B6A6DA /* LaunchScreen.storyboard */; };
/* End PBXBuildFile section */

/* Begin PBXFileReference section */
		8929FE1F2A86A23900F1B8CA /* UIColor.swift */ = {isa = PBXFileReference; fileEncoding = 4; lastKnownFileType = sourcecode.swift; path = UIColor.swift; sourceTree = "<group>"; };
		8929FE202A86A23900F1B8CA /* UIButton.swift */ = {isa = PBXFileReference; fileEncoding = 4; lastKnownFileType = sourcecode.swift; path = UIButton.swift; sourceTree = "<group>"; };
		8929FE212A86A23900F1B8CA /* UIImage.swift */ = {isa = PBXFileReference; fileEncoding = 4; lastKnownFileType = sourcecode.swift; path = UIImage.swift; sourceTree = "<group>"; };
		8929FE262A86A23F00F1B8CA /* Acsiomasupershockc.otf */ = {isa = PBXFileReference; lastKnownFileType = file; path = Acsiomasupershockc.otf; sourceTree = "<group>"; };
		8929FE282A86A25900F1B8CA /* CategoryViewController.swift */ = {isa = PBXFileReference; fileEncoding = 4; lastKnownFileType = sourcecode.swift; path = CategoryViewController.swift; sourceTree = "<group>"; };
		8929FE292A86A25900F1B8CA /* MainViewController.swift */ = {isa = PBXFileReference; fileEncoding = 4; lastKnownFileType = sourcecode.swift; path = MainViewController.swift; sourceTree = "<group>"; };
		8929FE2C2A86A69900F1B8CA /* GameEndViewController.swift */ = {isa = PBXFileReference; fileEncoding = 4; lastKnownFileType = sourcecode.swift; path = GameEndViewController.swift; sourceTree = "<group>"; };
		8929FE2F2A8760AA00F1B8CA /* explosion.mp4 */ = {isa = PBXFileReference; lastKnownFileType = file; path = explosion.mp4; sourceTree = "<group>"; };
		8929FE482A87751D00F1B8CA /* RulesModel.swift */ = {isa = PBXFileReference; fileEncoding = 4; lastKnownFileType = sourcecode.swift; path = RulesModel.swift; sourceTree = "<group>"; };
		8929FE492A87751D00F1B8CA /* RulesCellViewModel.swift */ = {isa = PBXFileReference; fileEncoding = 4; lastKnownFileType = sourcecode.swift; path = RulesCellViewModel.swift; sourceTree = "<group>"; };
		8929FE4B2A87751D00F1B8CA /* RulesViewController.swift */ = {isa = PBXFileReference; fileEncoding = 4; lastKnownFileType = sourcecode.swift; path = RulesViewController.swift; sourceTree = "<group>"; };
		8929FE532A87955A00F1B8CA /* explosion.mp3 */ = {isa = PBXFileReference; lastKnownFileType = audio.mp3; path = explosion.mp3; sourceTree = "<group>"; };
		8929FE552A87B02A00F1B8CA /* wick.mp3 */ = {isa = PBXFileReference; lastKnownFileType = audio.mp3; path = wick.mp3; sourceTree = "<group>"; };
		8929FE632A880E5300F1B8CA /* SettingsViewController.swift */ = {isa = PBXFileReference; fileEncoding = 4; lastKnownFileType = sourcecode.swift; path = SettingsViewController.swift; sourceTree = "<group>"; };
		8929FE652A880E6300F1B8CA /* SettingsModel.swift */ = {isa = PBXFileReference; fileEncoding = 4; lastKnownFileType = sourcecode.swift; path = SettingsModel.swift; sourceTree = "<group>"; };
		8929FE662A880E6300F1B8CA /* SettingsCellViewModel.swift */ = {isa = PBXFileReference; fileEncoding = 4; lastKnownFileType = sourcecode.swift; path = SettingsCellViewModel.swift; sourceTree = "<group>"; };
		8929FE692A880E7700F1B8CA /* CustomButton.swift */ = {isa = PBXFileReference; fileEncoding = 4; lastKnownFileType = sourcecode.swift; path = CustomButton.swift; sourceTree = "<group>"; };
		892C2E132A8255A50005D32C /* QuestionCategory.swift */ = {isa = PBXFileReference; lastKnownFileType = sourcecode.swift; path = QuestionCategory.swift; sourceTree = "<group>"; };
		892F10182A84FE130019DFF6 /* CheckCategoryProtocol.swift */ = {isa = PBXFileReference; lastKnownFileType = sourcecode.swift; path = CheckCategoryProtocol.swift; sourceTree = "<group>"; };
		892F101A2A85007D0019DFF6 /* NavigationController.swift */ = {isa = PBXFileReference; lastKnownFileType = sourcecode.swift; path = NavigationController.swift; sourceTree = "<group>"; };
		892F101C2A8503B10019DFF6 /* bomb.mp4 */ = {isa = PBXFileReference; lastKnownFileType = file; path = bomb.mp4; sourceTree = "<group>"; };
		892F101E2A852FAD0019DFF6 /* timer.mp3 */ = {isa = PBXFileReference; lastKnownFileType = audio.mp3; path = timer.mp3; sourceTree = "<group>"; };
		8953A25F2A8260B0009D2226 /* QuestionModel.swift */ = {isa = PBXFileReference; lastKnownFileType = sourcecode.swift; path = QuestionModel.swift; sourceTree = "<group>"; };
		89DA03952A83B95A001460FC /* GameViewController.swift */ = {isa = PBXFileReference; lastKnownFileType = sourcecode.swift; path = GameViewController.swift; sourceTree = "<group>"; };
		89F1AB632A80FEA200B6A6DA /* BOMB.app */ = {isa = PBXFileReference; explicitFileType = wrapper.application; includeInIndex = 0; path = BOMB.app; sourceTree = BUILT_PRODUCTS_DIR; };
		89F1AB662A80FEA200B6A6DA /* AppDelegate.swift */ = {isa = PBXFileReference; lastKnownFileType = sourcecode.swift; path = AppDelegate.swift; sourceTree = "<group>"; };
		89F1AB682A80FEA200B6A6DA /* SceneDelegate.swift */ = {isa = PBXFileReference; lastKnownFileType = sourcecode.swift; path = SceneDelegate.swift; sourceTree = "<group>"; };
		89F1AB6F2A80FEA200B6A6DA /* Assets.xcassets */ = {isa = PBXFileReference; lastKnownFileType = folder.assetcatalog; path = Assets.xcassets; sourceTree = "<group>"; };
		89F1AB722A80FEA200B6A6DA /* Base */ = {isa = PBXFileReference; lastKnownFileType = file.storyboard; name = Base; path = Base.lproj/LaunchScreen.storyboard; sourceTree = "<group>"; };
		89F1AB742A80FEA200B6A6DA /* Info.plist */ = {isa = PBXFileReference; lastKnownFileType = text.plist.xml; path = Info.plist; sourceTree = "<group>"; };
/* End PBXFileReference section */

/* Begin PBXFrameworksBuildPhase section */
		89F1AB602A80FEA200B6A6DA /* Frameworks */ = {
			isa = PBXFrameworksBuildPhase;
			buildActionMask = 2147483647;
			files = (
			);
			runOnlyForDeploymentPostprocessing = 0;
		};
/* End PBXFrameworksBuildPhase section */

/* Begin PBXGroup section */
		8929FE1E2A86A23900F1B8CA /* Extentional */ = {
			isa = PBXGroup;
			children = (
				892F10182A84FE130019DFF6 /* CheckCategoryProtocol.swift */,
				8929FE692A880E7700F1B8CA /* CustomButton.swift */,
				8929FE1F2A86A23900F1B8CA /* UIColor.swift */,
				8929FE202A86A23900F1B8CA /* UIButton.swift */,
				8929FE212A86A23900F1B8CA /* UIImage.swift */,
			);
			path = Extentional;
			sourceTree = "<group>";
		};
		8929FE252A86A23F00F1B8CA /* Fonts */ = {
			isa = PBXGroup;
			children = (
				8929FE262A86A23F00F1B8CA /* Acsiomasupershockc.otf */,
			);
			path = Fonts;
			sourceTree = "<group>";
		};
		8929FE472A87751D00F1B8CA /* Model */ = {
			isa = PBXGroup;
			children = (
				892C2E132A8255A50005D32C /* QuestionCategory.swift */,
				8953A25F2A8260B0009D2226 /* QuestionModel.swift */,
				8929FE652A880E6300F1B8CA /* SettingsModel.swift */,
				8929FE662A880E6300F1B8CA /* SettingsCellViewModel.swift */,
				8929FE482A87751D00F1B8CA /* RulesModel.swift */,
				8929FE492A87751D00F1B8CA /* RulesCellViewModel.swift */,
			);
			path = Model;
			sourceTree = "<group>";
		};
		8929FE4A2A87751D00F1B8CA /* Controller */ = {
			isa = PBXGroup;
			children = (
				892F101A2A85007D0019DFF6 /* NavigationController.swift */,
				8929FE292A86A25900F1B8CA /* MainViewController.swift */,
				89DA03952A83B95A001460FC /* GameViewController.swift */,
				8929FE2C2A86A69900F1B8CA /* GameEndViewController.swift */,
				8929FE282A86A25900F1B8CA /* CategoryViewController.swift */,
				8929FE4B2A87751D00F1B8CA /* RulesViewController.swift */,
				8929FE632A880E5300F1B8CA /* SettingsViewController.swift */,
			);
			path = Controller;
			sourceTree = "<group>";
		};
		8929FE512A87764D00F1B8CA /* Application */ = {
			isa = PBXGroup;
			children = (
				89F1AB662A80FEA200B6A6DA /* AppDelegate.swift */,
				89F1AB682A80FEA200B6A6DA /* SceneDelegate.swift */,
			);
			path = Application;
			sourceTree = "<group>";
		};
		8929FE522A87769A00F1B8CA /* Resources */ = {
			isa = PBXGroup;
			children = (
				89F1AB742A80FEA200B6A6DA /* Info.plist */,
				89F1AB6F2A80FEA200B6A6DA /* Assets.xcassets */,
				89F1AB712A80FEA200B6A6DA /* LaunchScreen.storyboard */,
				8929FE2F2A8760AA00F1B8CA /* explosion.mp4 */,
				892F101C2A8503B10019DFF6 /* bomb.mp4 */,
				892F101E2A852FAD0019DFF6 /* timer.mp3 */,
				8929FE532A87955A00F1B8CA /* explosion.mp3 */,
				8929FE552A87B02A00F1B8CA /* wick.mp3 */,
			);
			path = Resources;
			sourceTree = "<group>";
		};
		89F1AB5A2A80FEA200B6A6DA = {
			isa = PBXGroup;
			children = (
				89F1AB652A80FEA200B6A6DA /* BOMB */,
				89F1AB642A80FEA200B6A6DA /* Products */,
			);
			sourceTree = "<group>";
		};
		89F1AB642A80FEA200B6A6DA /* Products */ = {
			isa = PBXGroup;
			children = (
				89F1AB632A80FEA200B6A6DA /* BOMB.app */,
			);
			name = Products;
			sourceTree = "<group>";
		};
		89F1AB652A80FEA200B6A6DA /* BOMB */ = {
			isa = PBXGroup;
			children = (
				8929FE522A87769A00F1B8CA /* Resources */,
				8929FE512A87764D00F1B8CA /* Application */,
				8929FE1E2A86A23900F1B8CA /* Extentional */,
				8929FE252A86A23F00F1B8CA /* Fonts */,
				8929FE472A87751D00F1B8CA /* Model */,
				8929FE4A2A87751D00F1B8CA /* Controller */,
			);
			path = BOMB;
			sourceTree = "<group>";
		};
/* End PBXGroup section */

/* Begin PBXNativeTarget section */
		89F1AB622A80FEA200B6A6DA /* BOMB */ = {
			isa = PBXNativeTarget;
			buildConfigurationList = 89F1AB772A80FEA200B6A6DA /* Build configuration list for PBXNativeTarget "BOMB" */;
			buildPhases = (
				89F1AB5F2A80FEA200B6A6DA /* Sources */,
				89F1AB602A80FEA200B6A6DA /* Frameworks */,
				89F1AB612A80FEA200B6A6DA /* Resources */,
			);
			buildRules = (
			);
			dependencies = (
			);
			name = BOMB;
			productName = BOMB;
			productReference = 89F1AB632A80FEA200B6A6DA /* BOMB.app */;
			productType = "com.apple.product-type.application";
		};
/* End PBXNativeTarget section */

/* Begin PBXProject section */
		89F1AB5B2A80FEA200B6A6DA /* Project object */ = {
			isa = PBXProject;
			attributes = {
				BuildIndependentTargetsInParallel = 1;
				LastSwiftUpdateCheck = 1430;
				LastUpgradeCheck = 1430;
				TargetAttributes = {
					89F1AB622A80FEA200B6A6DA = {
						CreatedOnToolsVersion = 14.3.1;
					};
				};
			};
			buildConfigurationList = 89F1AB5E2A80FEA200B6A6DA /* Build configuration list for PBXProject "BOMB" */;
			compatibilityVersion = "Xcode 14.0";
			developmentRegion = en;
			hasScannedForEncodings = 0;
			knownRegions = (
				en,
				Base,
			);
			mainGroup = 89F1AB5A2A80FEA200B6A6DA;
			productRefGroup = 89F1AB642A80FEA200B6A6DA /* Products */;
			projectDirPath = "";
			projectRoot = "";
			targets = (
				89F1AB622A80FEA200B6A6DA /* BOMB */,
			);
		};
/* End PBXProject section */

/* Begin PBXResourcesBuildPhase section */
		89F1AB612A80FEA200B6A6DA /* Resources */ = {
			isa = PBXResourcesBuildPhase;
			buildActionMask = 2147483647;
			files = (
				89F1AB732A80FEA200B6A6DA /* LaunchScreen.storyboard in Resources */,
				8929FE542A87955A00F1B8CA /* explosion.mp3 in Resources */,
				8929FE272A86A23F00F1B8CA /* Acsiomasupershockc.otf in Resources */,
				8929FE302A8760AA00F1B8CA /* explosion.mp4 in Resources */,
				892F101D2A8503B10019DFF6 /* bomb.mp4 in Resources */,
				892F101F2A852FAD0019DFF6 /* timer.mp3 in Resources */,
				89F1AB702A80FEA200B6A6DA /* Assets.xcassets in Resources */,
				8929FE562A87B02A00F1B8CA /* wick.mp3 in Resources */,
			);
			runOnlyForDeploymentPostprocessing = 0;
		};
/* End PBXResourcesBuildPhase section */

/* Begin PBXSourcesBuildPhase section */
		89F1AB5F2A80FEA200B6A6DA /* Sources */ = {
			isa = PBXSourcesBuildPhase;
			buildActionMask = 2147483647;
			files = (
				8929FE672A880E6300F1B8CA /* SettingsModel.swift in Sources */,
				89DA03962A83B95A001460FC /* GameViewController.swift in Sources */,
				8929FE2B2A86A25900F1B8CA /* MainViewController.swift in Sources */,
				8929FE242A86A23900F1B8CA /* UIImage.swift in Sources */,
				8929FE6A2A880E7700F1B8CA /* CustomButton.swift in Sources */,
				892C2E142A8255A50005D32C /* QuestionCategory.swift in Sources */,
				8929FE502A87751D00F1B8CA /* RulesViewController.swift in Sources */,
				8929FE2A2A86A25900F1B8CA /* CategoryViewController.swift in Sources */,
				8929FE682A880E6300F1B8CA /* SettingsCellViewModel.swift in Sources */,
				892F10192A84FE130019DFF6 /* CheckCategoryProtocol.swift in Sources */,
				8929FE222A86A23900F1B8CA /* UIColor.swift in Sources */,
				8929FE232A86A23900F1B8CA /* UIButton.swift in Sources */,
				8953A2602A8260B0009D2226 /* QuestionModel.swift in Sources */,
				8929FE4F2A87751D00F1B8CA /* RulesCellViewModel.swift in Sources */,
				8929FE4E2A87751D00F1B8CA /* RulesModel.swift in Sources */,
				8929FE642A880E5300F1B8CA /* SettingsViewController.swift in Sources */,
				89F1AB672A80FEA200B6A6DA /* AppDelegate.swift in Sources */,
				892F101B2A85007D0019DFF6 /* NavigationController.swift in Sources */,
				8929FE2D2A86A69900F1B8CA /* GameEndViewController.swift in Sources */,
				89F1AB692A80FEA200B6A6DA /* SceneDelegate.swift in Sources */,
			);
			runOnlyForDeploymentPostprocessing = 0;
		};
/* End PBXSourcesBuildPhase section */

/* Begin PBXVariantGroup section */
		89F1AB712A80FEA200B6A6DA /* LaunchScreen.storyboard */ = {
			isa = PBXVariantGroup;
			children = (
				89F1AB722A80FEA200B6A6DA /* Base */,
			);
			name = LaunchScreen.storyboard;
			sourceTree = "<group>";
		};
/* End PBXVariantGroup section */

/* Begin XCBuildConfiguration section */
		89F1AB752A80FEA200B6A6DA /* Debug */ = {
			isa = XCBuildConfiguration;
			buildSettings = {
				ALWAYS_SEARCH_USER_PATHS = NO;
				CLANG_ANALYZER_NONNULL = YES;
				CLANG_ANALYZER_NUMBER_OBJECT_CONVERSION = YES_AGGRESSIVE;
				CLANG_CXX_LANGUAGE_STANDARD = "gnu++20";
				CLANG_ENABLE_MODULES = YES;
				CLANG_ENABLE_OBJC_ARC = YES;
				CLANG_ENABLE_OBJC_WEAK = YES;
				CLANG_WARN_BLOCK_CAPTURE_AUTORELEASING = YES;
				CLANG_WARN_BOOL_CONVERSION = YES;
				CLANG_WARN_COMMA = YES;
				CLANG_WARN_CONSTANT_CONVERSION = YES;
				CLANG_WARN_DEPRECATED_OBJC_IMPLEMENTATIONS = YES;
				CLANG_WARN_DIRECT_OBJC_ISA_USAGE = YES_ERROR;
				CLANG_WARN_DOCUMENTATION_COMMENTS = YES;
				CLANG_WARN_EMPTY_BODY = YES;
				CLANG_WARN_ENUM_CONVERSION = YES;
				CLANG_WARN_INFINITE_RECURSION = YES;
				CLANG_WARN_INT_CONVERSION = YES;
				CLANG_WARN_NON_LITERAL_NULL_CONVERSION = YES;
				CLANG_WARN_OBJC_IMPLICIT_RETAIN_SELF = YES;
				CLANG_WARN_OBJC_LITERAL_CONVERSION = YES;
				CLANG_WARN_OBJC_ROOT_CLASS = YES_ERROR;
				CLANG_WARN_QUOTED_INCLUDE_IN_FRAMEWORK_HEADER = YES;
				CLANG_WARN_RANGE_LOOP_ANALYSIS = YES;
				CLANG_WARN_STRICT_PROTOTYPES = YES;
				CLANG_WARN_SUSPICIOUS_MOVE = YES;
				CLANG_WARN_UNGUARDED_AVAILABILITY = YES_AGGRESSIVE;
				CLANG_WARN_UNREACHABLE_CODE = YES;
				CLANG_WARN__DUPLICATE_METHOD_MATCH = YES;
				COPY_PHASE_STRIP = NO;
				DEBUG_INFORMATION_FORMAT = dwarf;
				ENABLE_STRICT_OBJC_MSGSEND = YES;
				ENABLE_TESTABILITY = YES;
				GCC_C_LANGUAGE_STANDARD = gnu11;
				GCC_DYNAMIC_NO_PIC = NO;
				GCC_NO_COMMON_BLOCKS = YES;
				GCC_OPTIMIZATION_LEVEL = 0;
				GCC_PREPROCESSOR_DEFINITIONS = (
					"DEBUG=1",
					"$(inherited)",
				);
				GCC_WARN_64_TO_32_BIT_CONVERSION = YES;
				GCC_WARN_ABOUT_RETURN_TYPE = YES_ERROR;
				GCC_WARN_UNDECLARED_SELECTOR = YES;
				GCC_WARN_UNINITIALIZED_AUTOS = YES_AGGRESSIVE;
				GCC_WARN_UNUSED_FUNCTION = YES;
				GCC_WARN_UNUSED_VARIABLE = YES;
				IPHONEOS_DEPLOYMENT_TARGET = 15.0;
				MTL_ENABLE_DEBUG_INFO = INCLUDE_SOURCE;
				MTL_FAST_MATH = YES;
				ONLY_ACTIVE_ARCH = YES;
				SDKROOT = iphoneos;
				SWIFT_ACTIVE_COMPILATION_CONDITIONS = DEBUG;
				SWIFT_OPTIMIZATION_LEVEL = "-Onone";
			};
			name = Debug;
		};
		89F1AB762A80FEA200B6A6DA /* Release */ = {
			isa = XCBuildConfiguration;
			buildSettings = {
				ALWAYS_SEARCH_USER_PATHS = NO;
				CLANG_ANALYZER_NONNULL = YES;
				CLANG_ANALYZER_NUMBER_OBJECT_CONVERSION = YES_AGGRESSIVE;
				CLANG_CXX_LANGUAGE_STANDARD = "gnu++20";
				CLANG_ENABLE_MODULES = YES;
				CLANG_ENABLE_OBJC_ARC = YES;
				CLANG_ENABLE_OBJC_WEAK = YES;
				CLANG_WARN_BLOCK_CAPTURE_AUTORELEASING = YES;
				CLANG_WARN_BOOL_CONVERSION = YES;
				CLANG_WARN_COMMA = YES;
				CLANG_WARN_CONSTANT_CONVERSION = YES;
				CLANG_WARN_DEPRECATED_OBJC_IMPLEMENTATIONS = YES;
				CLANG_WARN_DIRECT_OBJC_ISA_USAGE = YES_ERROR;
				CLANG_WARN_DOCUMENTATION_COMMENTS = YES;
				CLANG_WARN_EMPTY_BODY = YES;
				CLANG_WARN_ENUM_CONVERSION = YES;
				CLANG_WARN_INFINITE_RECURSION = YES;
				CLANG_WARN_INT_CONVERSION = YES;
				CLANG_WARN_NON_LITERAL_NULL_CONVERSION = YES;
				CLANG_WARN_OBJC_IMPLICIT_RETAIN_SELF = YES;
				CLANG_WARN_OBJC_LITERAL_CONVERSION = YES;
				CLANG_WARN_OBJC_ROOT_CLASS = YES_ERROR;
				CLANG_WARN_QUOTED_INCLUDE_IN_FRAMEWORK_HEADER = YES;
				CLANG_WARN_RANGE_LOOP_ANALYSIS = YES;
				CLANG_WARN_STRICT_PROTOTYPES = YES;
				CLANG_WARN_SUSPICIOUS_MOVE = YES;
				CLANG_WARN_UNGUARDED_AVAILABILITY = YES_AGGRESSIVE;
				CLANG_WARN_UNREACHABLE_CODE = YES;
				CLANG_WARN__DUPLICATE_METHOD_MATCH = YES;
				COPY_PHASE_STRIP = NO;
				DEBUG_INFORMATION_FORMAT = "dwarf-with-dsym";
				ENABLE_NS_ASSERTIONS = NO;
				ENABLE_STRICT_OBJC_MSGSEND = YES;
				GCC_C_LANGUAGE_STANDARD = gnu11;
				GCC_NO_COMMON_BLOCKS = YES;
				GCC_WARN_64_TO_32_BIT_CONVERSION = YES;
				GCC_WARN_ABOUT_RETURN_TYPE = YES_ERROR;
				GCC_WARN_UNDECLARED_SELECTOR = YES;
				GCC_WARN_UNINITIALIZED_AUTOS = YES_AGGRESSIVE;
				GCC_WARN_UNUSED_FUNCTION = YES;
				GCC_WARN_UNUSED_VARIABLE = YES;
				IPHONEOS_DEPLOYMENT_TARGET = 15.0;
				MTL_ENABLE_DEBUG_INFO = NO;
				MTL_FAST_MATH = YES;
				SDKROOT = iphoneos;
				SWIFT_COMPILATION_MODE = wholemodule;
				SWIFT_OPTIMIZATION_LEVEL = "-O";
				VALIDATE_PRODUCT = YES;
			};
			name = Release;
		};
		89F1AB782A80FEA200B6A6DA /* Debug */ = {
			isa = XCBuildConfiguration;
			buildSettings = {
				ASSETCATALOG_COMPILER_APPICON_NAME = AppIcon;
				ASSETCATALOG_COMPILER_GLOBAL_ACCENT_COLOR_NAME = AccentColor;
				CODE_SIGN_STYLE = Automatic;
				CURRENT_PROJECT_VERSION = 1;
				DEVELOPMENT_TEAM = WV9SZ4237Z;
				GENERATE_INFOPLIST_FILE = YES;
				INFOPLIST_FILE = BOMB/Info.plist;
				INFOPLIST_KEY_UIApplicationSupportsIndirectInputEvents = YES;
				INFOPLIST_KEY_UILaunchStoryboardName = LaunchScreen.storyboard;
				INFOPLIST_KEY_UISupportedInterfaceOrientations = UIInterfaceOrientationPortrait;
				INFOPLIST_KEY_UISupportedInterfaceOrientations_iPad = "UIInterfaceOrientationLandscapeLeft UIInterfaceOrientationLandscapeRight UIInterfaceOrientationPortrait UIInterfaceOrientationPortraitUpsideDown";
				IPHONEOS_DEPLOYMENT_TARGET = 15.0;
				LD_RUNPATH_SEARCH_PATHS = (
					"$(inherited)",
					"@executable_path/Frameworks",
				);
				MARKETING_VERSION = 1.0;
				PRODUCT_BUNDLE_IDENTIFIER = MaxGoryachkin.BOMB;
				PRODUCT_NAME = "$(TARGET_NAME)";
				SUPPORTED_PLATFORMS = "iphoneos iphonesimulator";
				SUPPORTS_MACCATALYST = NO;
				SUPPORTS_MAC_DESIGNED_FOR_IPHONE_IPAD = NO;
				SWIFT_EMIT_LOC_STRINGS = YES;
				SWIFT_VERSION = 5.0;
				TARGETED_DEVICE_FAMILY = 1;
			};
			name = Debug;
		};
		89F1AB792A80FEA200B6A6DA /* Release */ = {
			isa = XCBuildConfiguration;
			buildSettings = {
				ASSETCATALOG_COMPILER_APPICON_NAME = AppIcon;
				ASSETCATALOG_COMPILER_GLOBAL_ACCENT_COLOR_NAME = AccentColor;
				CODE_SIGN_STYLE = Automatic;
				CURRENT_PROJECT_VERSION = 1;
				DEVELOPMENT_TEAM = WV9SZ4237Z;
				GENERATE_INFOPLIST_FILE = YES;
				INFOPLIST_FILE = BOMB/Info.plist;
				INFOPLIST_KEY_UIApplicationSupportsIndirectInputEvents = YES;
				INFOPLIST_KEY_UILaunchStoryboardName = LaunchScreen.storyboard;
				INFOPLIST_KEY_UISupportedInterfaceOrientations = UIInterfaceOrientationPortrait;
				INFOPLIST_KEY_UISupportedInterfaceOrientations_iPad = "UIInterfaceOrientationLandscapeLeft UIInterfaceOrientationLandscapeRight UIInterfaceOrientationPortrait UIInterfaceOrientationPortraitUpsideDown";
				IPHONEOS_DEPLOYMENT_TARGET = 15.0;
				LD_RUNPATH_SEARCH_PATHS = (
					"$(inherited)",
					"@executable_path/Frameworks",
				);
				MARKETING_VERSION = 1.0;
				PRODUCT_BUNDLE_IDENTIFIER = MaxGoryachkin.BOMB;
				PRODUCT_NAME = "$(TARGET_NAME)";
				SUPPORTED_PLATFORMS = "iphoneos iphonesimulator";
				SUPPORTS_MACCATALYST = NO;
				SUPPORTS_MAC_DESIGNED_FOR_IPHONE_IPAD = NO;
				SWIFT_EMIT_LOC_STRINGS = YES;
				SWIFT_VERSION = 5.0;
				TARGETED_DEVICE_FAMILY = 1;
			};
			name = Release;
		};
/* End XCBuildConfiguration section */

/* Begin XCConfigurationList section */
		89F1AB5E2A80FEA200B6A6DA /* Build configuration list for PBXProject "BOMB" */ = {
			isa = XCConfigurationList;
			buildConfigurations = (
				89F1AB752A80FEA200B6A6DA /* Debug */,
				89F1AB762A80FEA200B6A6DA /* Release */,
			);
			defaultConfigurationIsVisible = 0;
			defaultConfigurationName = Release;
		};
		89F1AB772A80FEA200B6A6DA /* Build configuration list for PBXNativeTarget "BOMB" */ = {
			isa = XCConfigurationList;
			buildConfigurations = (
				89F1AB782A80FEA200B6A6DA /* Debug */,
				89F1AB792A80FEA200B6A6DA /* Release */,
			);
			defaultConfigurationIsVisible = 0;
			defaultConfigurationName = Release;
		};
/* End XCConfigurationList section */
	};
	rootObject = 89F1AB5B2A80FEA200B6A6DA /* Project object */;
}
